
Microsoft Visual Studio Solution File, Format Version 12.00
# Visual Studio Version 16
VisualStudioVersion = 16.0.30804.86
MinimumVisualStudioVersion = 10.0.40219.1
Project("{9A19103F-16F7-4668-BE54-9A1E7A4F7556}") = "SortingMachine", "SortingMachine\SortingMachine.csproj", "{B75D0B38-CD5B-48FE-AA6C-9D059B1DA34E}"
EndProject
Project("{FAE04EC0-301F-11D3-BF4B-00C04F79EFBC}") = "SortingMachine.ConsoleApp", "SortingMachine.ConsoleApp\SortingMachine.ConsoleApp.csproj", "{800E53C8-755F-44AB-8FD5-D1E9AEC2C733}"
EndProject
Global
	GlobalSection(SolutionConfigurationPlatforms) = preSolution
		Debug|Any CPU = Debug|Any CPU
		Release|Any CPU = Release|Any CPU
	EndGlobalSection
	GlobalSection(ProjectConfigurationPlatforms) = postSolution
		{B75D0B38-CD5B-48FE-AA6C-9D059B1DA34E}.Debug|Any CPU.ActiveCfg = Debug|Any CPU
		{B75D0B38-CD5B-48FE-AA6C-9D059B1DA34E}.Debug|Any CPU.Build.0 = Debug|Any CPU
		{B75D0B38-CD5B-48FE-AA6C-9D059B1DA34E}.Release|Any CPU.ActiveCfg = Release|Any CPU
		{B75D0B38-CD5B-48FE-AA6C-9D059B1DA34E}.Release|Any CPU.Build.0 = Release|Any CPU
		{800E53C8-755F-44AB-8FD5-D1E9AEC2C733}.Debug|Any CPU.ActiveCfg = Debug|Any CPU
		{800E53C8-755F-44AB-8FD5-D1E9AEC2C733}.Debug|Any CPU.Build.0 = Debug|Any CPU
		{800E53C8-755F-44AB-8FD5-D1E9AEC2C733}.Release|Any CPU.ActiveCfg = Release|Any CPU
		{800E53C8-755F-44AB-8FD5-D1E9AEC2C733}.Release|Any CPU.Build.0 = Release|Any CPU
	EndGlobalSection
	GlobalSection(SolutionProperties) = preSolution
		HideSolutionNode = FALSE
	EndGlobalSection
	GlobalSection(ExtensibilityGlobals) = postSolution
		SolutionGuid = {482156F9-0E60-4653-9FCD-7072771EAF65}
	EndGlobalSection
EndGlobal
